
Microsoft Visual Studio Solution File, Format Version 12.00
# Visual Studio Version 17
VisualStudioVersion = 17.4.33205.214
MinimumVisualStudioVersion = 10.0.40219.1
Project("{FAE04EC0-301F-11D3-BF4B-00C04F79EFBC}") = "MagicVilla-Api", "MagicVilla-Api\MagicVilla-Api.csproj", "{CFE090DA-0DB1-4020-B427-98CD79A7F08E}"
EndProject
Global
	GlobalSection(SolutionConfigurationPlatforms) = preSolution
		Debug|Any CPU = Debug|Any CPU
		Release|Any CPU = Release|Any CPU
	EndGlobalSection
	GlobalSection(ProjectConfigurationPlatforms) = postSolution
		{CFE090DA-0DB1-4020-B427-98CD79A7F08E}.Debug|Any CPU.ActiveCfg = Debug|Any CPU
		{CFE090DA-0DB1-4020-B427-98CD79A7F08E}.Debug|Any CPU.Build.0 = Debug|Any CPU
		{CFE090DA-0DB1-4020-B427-98CD79A7F08E}.Release|Any CPU.ActiveCfg = Release|Any CPU
		{CFE090DA-0DB1-4020-B427-98CD79A7F08E}.Release|Any CPU.Build.0 = Release|Any CPU
	EndGlobalSection
	GlobalSection(SolutionProperties) = preSolution
		HideSolutionNode = FALSE
	EndGlobalSection
	GlobalSection(ExtensibilityGlobals) = postSolution
		SolutionGuid = {0AE1B923-66D1-4D40-9D0D-35AA9672CB83}
	EndGlobalSection
EndGlobal
